
Microsoft Visual Studio Solution File, Format Version 12.00
# Visual Studio 15
VisualStudioVersion = 15.0.28306.52
MinimumVisualStudioVersion = 10.0.40219.1
Project("{FAE04EC0-301F-11D3-BF4B-00C04F79EFBC}") = "AutoSend", "AutoSend\AutoSend.csproj", "{28169356-8CA2-4A88-94EC-7378363465A6}"
EndProject
Project("{FAE04EC0-301F-11D3-BF4B-00C04F79EFBC}") = "Model", "Model\Model.csproj", "{FBA83A80-E922-4156-8DAD-61E867CFED39}"
EndProject
Project("{FAE04EC0-301F-11D3-BF4B-00C04F79EFBC}") = "BLL", "BLL\BLL.csproj", "{990A8B5A-A820-456B-939F-679C0B4C016A}"
EndProject
Global
	GlobalSection(SolutionConfigurationPlatforms) = preSolution
		Debug|Any CPU = Debug|Any CPU
		Release|Any CPU = Release|Any CPU
	EndGlobalSection
	GlobalSection(ProjectConfigurationPlatforms) = postSolution
		{28169356-8CA2-4A88-94EC-7378363465A6}.Debug|Any CPU.ActiveCfg = Debug|Any CPU
		{28169356-8CA2-4A88-94EC-7378363465A6}.Debug|Any CPU.Build.0 = Debug|Any CPU
		{28169356-8CA2-4A88-94EC-7378363465A6}.Release|Any CPU.ActiveCfg = Release|Any CPU
		{28169356-8CA2-4A88-94EC-7378363465A6}.Release|Any CPU.Build.0 = Release|Any CPU
		{FBA83A80-E922-4156-8DAD-61E867CFED39}.Debug|Any CPU.ActiveCfg = Debug|Any CPU
		{FBA83A80-E922-4156-8DAD-61E867CFED39}.Debug|Any CPU.Build.0 = Debug|Any CPU
		{FBA83A80-E922-4156-8DAD-61E867CFED39}.Release|Any CPU.ActiveCfg = Release|Any CPU
		{FBA83A80-E922-4156-8DAD-61E867CFED39}.Release|Any CPU.Build.0 = Release|Any CPU
		{990A8B5A-A820-456B-939F-679C0B4C016A}.Debug|Any CPU.ActiveCfg = Debug|Any CPU
		{990A8B5A-A820-456B-939F-679C0B4C016A}.Debug|Any CPU.Build.0 = Debug|Any CPU
		{990A8B5A-A820-456B-939F-679C0B4C016A}.Release|Any CPU.ActiveCfg = Release|Any CPU
		{990A8B5A-A820-456B-939F-679C0B4C016A}.Release|Any CPU.Build.0 = Release|Any CPU
	EndGlobalSection
	GlobalSection(SolutionProperties) = preSolution
		HideSolutionNode = FALSE
	EndGlobalSection
	GlobalSection(ExtensibilityGlobals) = postSolution
		SolutionGuid = {3B986ACA-9872-4606-8863-0B4B7CE24BC2}
	EndGlobalSection
EndGlobal
